
Microsoft Visual Studio Solution File, Format Version 12.00
# Visual Studio Version 17
VisualStudioVersion = 17.8.34309.116
MinimumVisualStudioVersion = 10.0.40219.1
Project("{FAE04EC0-301F-11D3-BF4B-00C04F79EFBC}") = "flappy_bird 2", "flappy_bird 2\flappy_bird 2.csproj", "{C80ADE8E-9855-4E2A-AD88-7A9A90666B91}"
EndProject
Project("{2150E333-8FDC-42A3-9474-1A3956D46DE8}") = "NewFolder1", "NewFolder1", "{E5F6102D-17DF-4D05-9003-624CF4B0B83E}"
EndProject
Global
	GlobalSection(SolutionConfigurationPlatforms) = preSolution
		Debug|Any CPU = Debug|Any CPU
		Release|Any CPU = Release|Any CPU
	EndGlobalSection
	GlobalSection(ProjectConfigurationPlatforms) = postSolution
		{C80ADE8E-9855-4E2A-AD88-7A9A90666B91}.Debug|Any CPU.ActiveCfg = Debug|Any CPU
		{C80ADE8E-9855-4E2A-AD88-7A9A90666B91}.Debug|Any CPU.Build.0 = Debug|Any CPU
		{C80ADE8E-9855-4E2A-AD88-7A9A90666B91}.Release|Any CPU.ActiveCfg = Release|Any CPU
		{C80ADE8E-9855-4E2A-AD88-7A9A90666B91}.Release|Any CPU.Build.0 = Release|Any CPU
	EndGlobalSection
	GlobalSection(SolutionProperties) = preSolution
		HideSolutionNode = FALSE
	EndGlobalSection
	GlobalSection(ExtensibilityGlobals) = postSolution
		SolutionGuid = {37D52D63-D6B8-4BD4-94CC-45E7A735F9FC}
	EndGlobalSection
EndGlobal
